// !$*UTF8*$!
{
	archiveVersion = 1;
	classes = {
	};
	objectVersion = 46;
	objects = {

/* Begin PBXBuildFile section */
		56AB523A1DE9C5AD001B2D4B /* AppDelegate.swift in Sources */ = {isa = PBXBuildFile; fileRef = 56AB52391DE9C5AD001B2D4B /* AppDelegate.swift */; };
		56AB523C1DE9C5AD001B2D4B /* ViewController.swift in Sources */ = {isa = PBXBuildFile; fileRef = 56AB523B1DE9C5AD001B2D4B /* ViewController.swift */; };
		56AB523F1DE9C5AD001B2D4B /* Main.storyboard in Resources */ = {isa = PBXBuildFile; fileRef = 56AB523D1DE9C5AD001B2D4B /* Main.storyboard */; };
		56AB52411DE9C5AD001B2D4B /* Assets.xcassets in Resources */ = {isa = PBXBuildFile; fileRef = 56AB52401DE9C5AD001B2D4B /* Assets.xcassets */; };
		56AB52441DE9C5AD001B2D4B /* LaunchScreen.storyboard in Resources */ = {isa = PBXBuildFile; fileRef = 56AB52421DE9C5AD001B2D4B /* LaunchScreen.storyboard */; };
		56AB524F1DE9C5AE001B2D4B /* Nice_One_DadTests.swift in Sources */ = {isa = PBXBuildFile; fileRef = 56AB524E1DE9C5AE001B2D4B /* Nice_One_DadTests.swift */; };
		56AB525A1DE9C5AE001B2D4B /* Nice_One_DadUITests.swift in Sources */ = {isa = PBXBuildFile; fileRef = 56AB52591DE9C5AE001B2D4B /* Nice_One_DadUITests.swift */; };
/* End PBXBuildFile section */

/* Begin PBXContainerItemProxy section */
		56AB524B1DE9C5AE001B2D4B /* PBXContainerItemProxy */ = {
			isa = PBXContainerItemProxy;
			containerPortal = 56AB522E1DE9C5AD001B2D4B /* Project object */;
			proxyType = 1;
			remoteGlobalIDString = 56AB52351DE9C5AD001B2D4B;
			remoteInfo = "Nice One Dad";
		};
		56AB52561DE9C5AE001B2D4B /* PBXContainerItemProxy */ = {
			isa = PBXContainerItemProxy;
			containerPortal = 56AB522E1DE9C5AD001B2D4B /* Project object */;
			proxyType = 1;
			remoteGlobalIDString = 56AB52351DE9C5AD001B2D4B;
			remoteInfo = "Nice One Dad";
		};
/* End PBXContainerItemProxy section */

/* Begin PBXFileReference section */
		56AB52361DE9C5AD001B2D4B /* Nice One Dad.app */ = {isa = PBXFileReference; explicitFileType = wrapper.application; includeInIndex = 0; path = "Nice One Dad.app"; sourceTree = BUILT_PRODUCTS_DIR; };
		56AB52391DE9C5AD001B2D4B /* AppDelegate.swift */ = {isa = PBXFileReference; lastKnownFileType = sourcecode.swift; path = AppDelegate.swift; sourceTree = "<group>"; };
		56AB523B1DE9C5AD001B2D4B /* ViewController.swift */ = {isa = PBXFileReference; lastKnownFileType = sourcecode.swift; path = ViewController.swift; sourceTree = "<group>"; };
		56AB523E1DE9C5AD001B2D4B /* Base */ = {isa = PBXFileReference; lastKnownFileType = file.storyboard; name = Base; path = Base.lproj/Main.storyboard; sourceTree = "<group>"; };
		56AB52401DE9C5AD001B2D4B /* Assets.xcassets */ = {isa = PBXFileReference; lastKnownFileType = folder.assetcatalog; path = Assets.xcassets; sourceTree = "<group>"; };
		56AB52431DE9C5AD001B2D4B /* Base */ = {isa = PBXFileReference; lastKnownFileType = file.storyboard; name = Base; path = Base.lproj/LaunchScreen.storyboard; sourceTree = "<group>"; };
		56AB52451DE9C5AD001B2D4B /* Info.plist */ = {isa = PBXFileReference; lastKnownFileType = text.plist.xml; path = Info.plist; sourceTree = "<group>"; };
		56AB524A1DE9C5AE001B2D4B /* Nice One DadTests.xctest */ = {isa = PBXFileReference; explicitFileType = wrapper.cfbundle; includeInIndex = 0; path = "Nice One DadTests.xctest"; sourceTree = BUILT_PRODUCTS_DIR; };
		56AB524E1DE9C5AE001B2D4B /* Nice_One_DadTests.swift */ = {isa = PBXFileReference; lastKnownFileType = sourcecode.swift; path = Nice_One_DadTests.swift; sourceTree = "<group>"; };
		56AB52501DE9C5AE001B2D4B /* Info.plist */ = {isa = PBXFileReference; lastKnownFileType = text.plist.xml; path = Info.plist; sourceTree = "<group>"; };
		56AB52551DE9C5AE001B2D4B /* Nice One DadUITests.xctest */ = {isa = PBXFileReference; explicitFileType = wrapper.cfbundle; includeInIndex = 0; path = "Nice One DadUITests.xctest"; sourceTree = BUILT_PRODUCTS_DIR; };
		56AB52591DE9C5AE001B2D4B /* Nice_One_DadUITests.swift */ = {isa = PBXFileReference; lastKnownFileType = sourcecode.swift; path = Nice_One_DadUITests.swift; sourceTree = "<group>"; };
		56AB525B1DE9C5AE001B2D4B /* Info.plist */ = {isa = PBXFileReference; lastKnownFileType = text.plist.xml; path = Info.plist; sourceTree = "<group>"; };
/* End PBXFileReference section */

/* Begin PBXFrameworksBuildPhase section */
		56AB52331DE9C5AD001B2D4B /* Frameworks */ = {
			isa = PBXFrameworksBuildPhase;
			buildActionMask = 2147483647;
			files = (
			);
			runOnlyForDeploymentPostprocessing = 0;
		};
		56AB52471DE9C5AE001B2D4B /* Frameworks */ = {
			isa = PBXFrameworksBuildPhase;
			buildActionMask = 2147483647;
			files = (
			);
			runOnlyForDeploymentPostprocessing = 0;
		};
		56AB52521DE9C5AE001B2D4B /* Frameworks */ = {
			isa = PBXFrameworksBuildPhase;
			buildActionMask = 2147483647;
			files = (
			);
			runOnlyForDeploymentPostprocessing = 0;
		};
/* End PBXFrameworksBuildPhase section */

/* Begin PBXGroup section */
		56AB522D1DE9C5AD001B2D4B = {
			isa = PBXGroup;
			children = (
				56AB52381DE9C5AD001B2D4B /* Nice One Dad */,
				56AB524D1DE9C5AE001B2D4B /* Nice One DadTests */,
				56AB52581DE9C5AE001B2D4B /* Nice One DadUITests */,
				56AB52371DE9C5AD001B2D4B /* Products */,
			);
			sourceTree = "<group>";
		};
		56AB52371DE9C5AD001B2D4B /* Products */ = {
			isa = PBXGroup;
			children = (
				56AB52361DE9C5AD001B2D4B /* Nice One Dad.app */,
				56AB524A1DE9C5AE001B2D4B /* Nice One DadTests.xctest */,
				56AB52551DE9C5AE001B2D4B /* Nice One DadUITests.xctest */,
			);
			name = Products;
			sourceTree = "<group>";
		};
		56AB52381DE9C5AD001B2D4B /* Nice One Dad */ = {
			isa = PBXGroup;
			children = (
				56AB52391DE9C5AD001B2D4B /* AppDelegate.swift */,
				56AB523B1DE9C5AD001B2D4B /* ViewController.swift */,
				56AB523D1DE9C5AD001B2D4B /* Main.storyboard */,
				56AB52401DE9C5AD001B2D4B /* Assets.xcassets */,
				56AB52421DE9C5AD001B2D4B /* LaunchScreen.storyboard */,
				56AB52451DE9C5AD001B2D4B /* Info.plist */,
			);
			path = "Nice One Dad";
			sourceTree = "<group>";
		};
		56AB524D1DE9C5AE001B2D4B /* Nice One DadTests */ = {
			isa = PBXGroup;
			children = (
				56AB524E1DE9C5AE001B2D4B /* Nice_One_DadTests.swift */,
				56AB52501DE9C5AE001B2D4B /* Info.plist */,
			);
			path = "Nice One DadTests";
			sourceTree = "<group>";
		};
		56AB52581DE9C5AE001B2D4B /* Nice One DadUITests */ = {
			isa = PBXGroup;
			children = (
				56AB52591DE9C5AE001B2D4B /* Nice_One_DadUITests.swift */,
				56AB525B1DE9C5AE001B2D4B /* Info.plist */,
			);
			path = "Nice One DadUITests";
			sourceTree = "<group>";
		};
/* End PBXGroup section */

/* Begin PBXNativeTarget section */
		56AB52351DE9C5AD001B2D4B /* Nice One Dad */ = {
			isa = PBXNativeTarget;
			buildConfigurationList = 56AB525E1DE9C5AE001B2D4B /* Build configuration list for PBXNativeTarget "Nice One Dad" */;
			buildPhases = (
				56AB52321DE9C5AD001B2D4B /* Sources */,
				56AB52331DE9C5AD001B2D4B /* Frameworks */,
				56AB52341DE9C5AD001B2D4B /* Resources */,
			);
			buildRules = (
			);
			dependencies = (
			);
			name = "Nice One Dad";
			productName = "Nice One Dad";
			productReference = 56AB52361DE9C5AD001B2D4B /* Nice One Dad.app */;
			productType = "com.apple.product-type.application";
		};
		56AB52491DE9C5AE001B2D4B /* Nice One DadTests */ = {
			isa = PBXNativeTarget;
			buildConfigurationList = 56AB52611DE9C5AE001B2D4B /* Build configuration list for PBXNativeTarget "Nice One DadTests" */;
			buildPhases = (
				56AB52461DE9C5AE001B2D4B /* Sources */,
				56AB52471DE9C5AE001B2D4B /* Frameworks */,
				56AB52481DE9C5AE001B2D4B /* Resources */,
			);
			buildRules = (
			);
			dependencies = (
				56AB524C1DE9C5AE001B2D4B /* PBXTargetDependency */,
			);
			name = "Nice One DadTests";
			productName = "Nice One DadTests";
			productReference = 56AB524A1DE9C5AE001B2D4B /* Nice One DadTests.xctest */;
			productType = "com.apple.product-type.bundle.unit-test";
		};
		56AB52541DE9C5AE001B2D4B /* Nice One DadUITests */ = {
			isa = PBXNativeTarget;
			buildConfigurationList = 56AB52641DE9C5AE001B2D4B /* Build configuration list for PBXNativeTarget "Nice One DadUITests" */;
			buildPhases = (
				56AB52511DE9C5AE001B2D4B /* Sources */,
				56AB52521DE9C5AE001B2D4B /* Frameworks */,
				56AB52531DE9C5AE001B2D4B /* Resources */,
			);
			buildRules = (
			);
			dependencies = (
				56AB52571DE9C5AE001B2D4B /* PBXTargetDependency */,
			);
			name = "Nice One DadUITests";
			productName = "Nice One DadUITests";
			productReference = 56AB52551DE9C5AE001B2D4B /* Nice One DadUITests.xctest */;
			productType = "com.apple.product-type.bundle.ui-testing";
		};
/* End PBXNativeTarget section */

/* Begin PBXProject section */
		56AB522E1DE9C5AD001B2D4B /* Project object */ = {
			isa = PBXProject;
			attributes = {
				LastSwiftUpdateCheck = 0810;
				LastUpgradeCheck = 0810;
				ORGANIZATIONNAME = "Omar Abbasi";
				TargetAttributes = {
					56AB52351DE9C5AD001B2D4B = {
						CreatedOnToolsVersion = 8.1;
						DevelopmentTeam = AEA87WCYYX;
						ProvisioningStyle = Automatic;
					};
					56AB52491DE9C5AE001B2D4B = {
						CreatedOnToolsVersion = 8.1;
						DevelopmentTeam = AEA87WCYYX;
						ProvisioningStyle = Automatic;
						TestTargetID = 56AB52351DE9C5AD001B2D4B;
					};
					56AB52541DE9C5AE001B2D4B = {
						CreatedOnToolsVersion = 8.1;
						DevelopmentTeam = AEA87WCYYX;
						ProvisioningStyle = Automatic;
						TestTargetID = 56AB52351DE9C5AD001B2D4B;
					};
				};
			};
			buildConfigurationList = 56AB52311DE9C5AD001B2D4B /* Build configuration list for PBXProject "Nice One Dad" */;
			compatibilityVersion = "Xcode 3.2";
			developmentRegion = English;
			hasScannedForEncodings = 0;
			knownRegions = (
				en,
				Base,
			);
			mainGroup = 56AB522D1DE9C5AD001B2D4B;
			productRefGroup = 56AB52371DE9C5AD001B2D4B /* Products */;
			projectDirPath = "";
			projectRoot = "";
			targets = (
				56AB52351DE9C5AD001B2D4B /* Nice One Dad */,
				56AB52491DE9C5AE001B2D4B /* Nice One DadTests */,
				56AB52541DE9C5AE001B2D4B /* Nice One DadUITests */,
			);
		};
/* End PBXProject section */

/* Begin PBXResourcesBuildPhase section */
		56AB52341DE9C5AD001B2D4B /* Resources */ = {
			isa = PBXResourcesBuildPhase;
			buildActionMask = 2147483647;
			files = (
				56AB52441DE9C5AD001B2D4B /* LaunchScreen.storyboard in Resources */,
				56AB52411DE9C5AD001B2D4B /* Assets.xcassets in Resources */,
				56AB523F1DE9C5AD001B2D4B /* Main.storyboard in Resources */,
			);
			runOnlyForDeploymentPostprocessing = 0;
		};
		56AB52481DE9C5AE001B2D4B /* Resources */ = {
			isa = PBXResourcesBuildPhase;
			buildActionMask = 2147483647;
			files = (
			);
			runOnlyForDeploymentPostprocessing = 0;
		};
		56AB52531DE9C5AE001B2D4B /* Resources */ = {
			isa = PBXResourcesBuildPhase;
			buildActionMask = 2147483647;
			files = (
			);
			runOnlyForDeploymentPostprocessing = 0;
		};
/* End PBXResourcesBuildPhase section */

/* Begin PBXSourcesBuildPhase section */
		56AB52321DE9C5AD001B2D4B /* Sources */ = {
			isa = PBXSourcesBuildPhase;
			buildActionMask = 2147483647;
			files = (
				56AB523C1DE9C5AD001B2D4B /* ViewController.swift in Sources */,
				56AB523A1DE9C5AD001B2D4B /* AppDelegate.swift in Sources */,
			);
			runOnlyForDeploymentPostprocessing = 0;
		};
		56AB52461DE9C5AE001B2D4B /* Sources */ = {
			isa = PBXSourcesBuildPhase;
			buildActionMask = 2147483647;
			files = (
				56AB524F1DE9C5AE001B2D4B /* Nice_One_DadTests.swift in Sources */,
			);
			runOnlyForDeploymentPostprocessing = 0;
		};
		56AB52511DE9C5AE001B2D4B /* Sources */ = {
			isa = PBXSourcesBuildPhase;
			buildActionMask = 2147483647;
			files = (
				56AB525A1DE9C5AE001B2D4B /* Nice_One_DadUITests.swift in Sources */,
			);
			runOnlyForDeploymentPostprocessing = 0;
		};
/* End PBXSourcesBuildPhase section */

/* Begin PBXTargetDependency section */
		56AB524C1DE9C5AE001B2D4B /* PBXTargetDependency */ = {
			isa = PBXTargetDependency;
			target = 56AB52351DE9C5AD001B2D4B /* Nice One Dad */;
			targetProxy = 56AB524B1DE9C5AE001B2D4B /* PBXContainerItemProxy */;
		};
		56AB52571DE9C5AE001B2D4B /* PBXTargetDependency */ = {
			isa = PBXTargetDependency;
			target = 56AB52351DE9C5AD001B2D4B /* Nice One Dad */;
			targetProxy = 56AB52561DE9C5AE001B2D4B /* PBXContainerItemProxy */;
		};
/* End PBXTargetDependency section */

/* Begin PBXVariantGroup section */
		56AB523D1DE9C5AD001B2D4B /* Main.storyboard */ = {
			isa = PBXVariantGroup;
			children = (
				56AB523E1DE9C5AD001B2D4B /* Base */,
			);
			name = Main.storyboard;
			sourceTree = "<group>";
		};
		56AB52421DE9C5AD001B2D4B /* LaunchScreen.storyboard */ = {
			isa = PBXVariantGroup;
			children = (
				56AB52431DE9C5AD001B2D4B /* Base */,
			);
			name = LaunchScreen.storyboard;
			sourceTree = "<group>";
		};
/* End PBXVariantGroup section */

/* Begin XCBuildConfiguration section */
		56AB525C1DE9C5AE001B2D4B /* Debug */ = {
			isa = XCBuildConfiguration;
			buildSettings = {
				ALWAYS_SEARCH_USER_PATHS = NO;
				CLANG_ANALYZER_NONNULL = YES;
				CLANG_CXX_LANGUAGE_STANDARD = "gnu++0x";
				CLANG_CXX_LIBRARY = "libc++";
				CLANG_ENABLE_MODULES = YES;
				CLANG_ENABLE_OBJC_ARC = YES;
				CLANG_WARN_BOOL_CONVERSION = YES;
				CLANG_WARN_CONSTANT_CONVERSION = YES;
				CLANG_WARN_DIRECT_OBJC_ISA_USAGE = YES_ERROR;
				CLANG_WARN_DOCUMENTATION_COMMENTS = YES;
				CLANG_WARN_EMPTY_BODY = YES;
				CLANG_WARN_ENUM_CONVERSION = YES;
				CLANG_WARN_INFINITE_RECURSION = YES;
				CLANG_WARN_INT_CONVERSION = YES;
				CLANG_WARN_OBJC_ROOT_CLASS = YES_ERROR;
				CLANG_WARN_SUSPICIOUS_MOVES = YES;
				CLANG_WARN_UNREACHABLE_CODE = YES;
				CLANG_WARN__DUPLICATE_METHOD_MATCH = YES;
				"CODE_SIGN_IDENTITY[sdk=iphoneos*]" = "iPhone Developer";
				COPY_PHASE_STRIP = NO;
				DEBUG_INFORMATION_FORMAT = dwarf;
				ENABLE_STRICT_OBJC_MSGSEND = YES;
				ENABLE_TESTABILITY = YES;
				GCC_C_LANGUAGE_STANDARD = gnu99;
				GCC_DYNAMIC_NO_PIC = NO;
				GCC_NO_COMMON_BLOCKS = YES;
				GCC_OPTIMIZATION_LEVEL = 0;
				GCC_PREPROCESSOR_DEFINITIONS = (
					"DEBUG=1",
					"$(inherited)",
				);
				GCC_WARN_64_TO_32_BIT_CONVERSION = YES;
				GCC_WARN_ABOUT_RETURN_TYPE = YES_ERROR;
				GCC_WARN_UNDECLARED_SELECTOR = YES;
				GCC_WARN_UNINITIALIZED_AUTOS = YES_AGGRESSIVE;
				GCC_WARN_UNUSED_FUNCTION = YES;
				GCC_WARN_UNUSED_VARIABLE = YES;
				IPHONEOS_DEPLOYMENT_TARGET = 10.1;
				MTL_ENABLE_DEBUG_INFO = YES;
				ONLY_ACTIVE_ARCH = YES;
				SDKROOT = iphoneos;
				SWIFT_ACTIVE_COMPILATION_CONDITIONS = DEBUG;
				SWIFT_OPTIMIZATION_LEVEL = "-Onone";
			};
			name = Debug;
		};
		56AB525D1DE9C5AE001B2D4B /* Release */ = {
			isa = XCBuildConfiguration;
			buildSettings = {
				ALWAYS_SEARCH_USER_PATHS = NO;
				CLANG_ANALYZER_NONNULL = YES;
				CLANG_CXX_LANGUAGE_STANDARD = "gnu++0x";
				CLANG_CXX_LIBRARY = "libc++";
				CLANG_ENABLE_MODULES = YES;
				CLANG_ENABLE_OBJC_ARC = YES;
				CLANG_WARN_BOOL_CONVERSION = YES;
				CLANG_WARN_CONSTANT_CONVERSION = YES;
				CLANG_WARN_DIRECT_OBJC_ISA_USAGE = YES_ERROR;
				CLANG_WARN_DOCUMENTATION_COMMENTS = YES;
				CLANG_WARN_EMPTY_BODY = YES;
				CLANG_WARN_ENUM_CONVERSION = YES;
				CLANG_WARN_INFINITE_RECURSION = YES;
				CLANG_WARN_INT_CONVERSION = YES;
				CLANG_WARN_OBJC_ROOT_CLASS = YES_ERROR;
				CLANG_WARN_SUSPICIOUS_MOVES = YES;
				CLANG_WARN_UNREACHABLE_CODE = YES;
				CLANG_WARN__DUPLICATE_METHOD_MATCH = YES;
				"CODE_SIGN_IDENTITY[sdk=iphoneos*]" = "iPhone Developer";
				COPY_PHASE_STRIP = NO;
				DEBUG_INFORMATION_FORMAT = "dwarf-with-dsym";
				ENABLE_NS_ASSERTIONS = NO;
				ENABLE_STRICT_OBJC_MSGSEND = YES;
				GCC_C_LANGUAGE_STANDARD = gnu99;
				GCC_NO_COMMON_BLOCKS = YES;
				GCC_WARN_64_TO_32_BIT_CONVERSION = YES;
				GCC_WARN_ABOUT_RETURN_TYPE = YES_ERROR;
				GCC_WARN_UNDECLARED_SELECTOR = YES;
				GCC_WARN_UNINITIALIZED_AUTOS = YES_AGGRESSIVE;
				GCC_WARN_UNUSED_FUNCTION = YES;
				GCC_WARN_UNUSED_VARIABLE = YES;
				IPHONEOS_DEPLOYMENT_TARGET = 10.1;
				MTL_ENABLE_DEBUG_INFO = NO;
				SDKROOT = iphoneos;
				SWIFT_OPTIMIZATION_LEVEL = "-Owholemodule";
				VALIDATE_PRODUCT = YES;
			};
			name = Release;
		};
		56AB525F1DE9C5AE001B2D4B /* Debug */ = {
			isa = XCBuildConfiguration;
			buildSettings = {
				ASSETCATALOG_COMPILER_APPICON_NAME = AppIcon;
				DEVELOPMENT_TEAM = AEA87WCYYX;
				INFOPLIST_FILE = "Nice One Dad/Info.plist";
				LD_RUNPATH_SEARCH_PATHS = "$(inherited) @executable_path/Frameworks";
				PRODUCT_BUNDLE_IDENTIFIER = "com.omar.Nice-One-Dad";
				PRODUCT_NAME = "$(TARGET_NAME)";
				SWIFT_VERSION = 3.0;
			};
			name = Debug;
		};
		56AB52601DE9C5AE001B2D4B /* Release */ = {
			isa = XCBuildConfiguration;
			buildSettings = {
				ASSETCATALOG_COMPILER_APPICON_NAME = AppIcon;
				DEVELOPMENT_TEAM = AEA87WCYYX;
				INFOPLIST_FILE = "Nice One Dad/Info.plist";
				LD_RUNPATH_SEARCH_PATHS = "$(inherited) @executable_path/Frameworks";
				PRODUCT_BUNDLE_IDENTIFIER = "com.omar.Nice-One-Dad";
				PRODUCT_NAME = "$(TARGET_NAME)";
				SWIFT_VERSION = 3.0;
			};
			name = Release;
		};
		56AB52621DE9C5AE001B2D4B /* Debug */ = {
			isa = XCBuildConfiguration;
			buildSettings = {
				ALWAYS_EMBED_SWIFT_STANDARD_LIBRARIES = YES;
				BUNDLE_LOADER = "$(TEST_HOST)";
				DEVELOPMENT_TEAM = AEA87WCYYX;
				INFOPLIST_FILE = "Nice One DadTests/Info.plist";
				LD_RUNPATH_SEARCH_PATHS = "$(inherited) @executable_path/Frameworks @loader_path/Frameworks";
				PRODUCT_BUNDLE_IDENTIFIER = "com.omar.Nice-One-DadTests";
				PRODUCT_NAME = "$(TARGET_NAME)";
				SWIFT_VERSION = 3.0;
				TEST_HOST = "$(BUILT_PRODUCTS_DIR)/Nice One Dad.app/Nice One Dad";
			};
			name = Debug;
		};
		56AB52631DE9C5AE001B2D4B /* Release */ = {
			isa = XCBuildConfiguration;
			buildSettings = {
				ALWAYS_EMBED_SWIFT_STANDARD_LIBRARIES = YES;
				BUNDLE_LOADER = "$(TEST_HOST)";
				DEVELOPMENT_TEAM = AEA87WCYYX;
				INFOPLIST_FILE = "Nice One DadTests/Info.plist";
				LD_RUNPATH_SEARCH_PATHS = "$(inherited) @executable_path/Frameworks @loader_path/Frameworks";
				PRODUCT_BUNDLE_IDENTIFIER = "com.omar.Nice-One-DadTests";
				PRODUCT_NAME = "$(TARGET_NAME)";
				SWIFT_VERSION = 3.0;
				TEST_HOST = "$(BUILT_PRODUCTS_DIR)/Nice One Dad.app/Nice One Dad";
			};
			name = Release;
		};
		56AB52651DE9C5AE001B2D4B /* Debug */ = {
			isa = XCBuildConfiguration;
			buildSettings = {
				ALWAYS_EMBED_SWIFT_STANDARD_LIBRARIES = YES;
				DEVELOPMENT_TEAM = AEA87WCYYX;
				INFOPLIST_FILE = "Nice One DadUITests/Info.plist";
				LD_RUNPATH_SEARCH_PATHS = "$(inherited) @executable_path/Frameworks @loader_path/Frameworks";
				PRODUCT_BUNDLE_IDENTIFIER = "com.omar.Nice-One-DadUITests";
				PRODUCT_NAME = "$(TARGET_NAME)";
				SWIFT_VERSION = 3.0;
				TEST_TARGET_NAME = "Nice One Dad";
			};
			name = Debug;
		};
		56AB52661DE9C5AE001B2D4B /* Release */ = {
			isa = XCBuildConfiguration;
			buildSettings = {
				ALWAYS_EMBED_SWIFT_STANDARD_LIBRARIES = YES;
				DEVELOPMENT_TEAM = AEA87WCYYX;
				INFOPLIST_FILE = "Nice One DadUITests/Info.plist";
				LD_RUNPATH_SEARCH_PATHS = "$(inherited) @executable_path/Frameworks @loader_path/Frameworks";
				PRODUCT_BUNDLE_IDENTIFIER = "com.omar.Nice-One-DadUITests";
				PRODUCT_NAME = "$(TARGET_NAME)";
				SWIFT_VERSION = 3.0;
				TEST_TARGET_NAME = "Nice One Dad";
			};
			name = Release;
		};
/* End XCBuildConfiguration section */

/* Begin XCConfigurationList section */
		56AB52311DE9C5AD001B2D4B /* Build configuration list for PBXProject "Nice One Dad" */ = {
			isa = XCConfigurationList;
			buildConfigurations = (
				56AB525C1DE9C5AE001B2D4B /* Debug */,
				56AB525D1DE9C5AE001B2D4B /* Release */,
			);
			defaultConfigurationIsVisible = 0;
			defaultConfigurationName = Release;
		};
		56AB525E1DE9C5AE001B2D4B /* Build configuration list for PBXNativeTarget "Nice One Dad" */ = {
			isa = XCConfigurationList;
			buildConfigurations = (
				56AB525F1DE9C5AE001B2D4B /* Debug */,
				56AB52601DE9C5AE001B2D4B /* Release */,
			);
			defaultConfigurationIsVisible = 0;
		};
		56AB52611DE9C5AE001B2D4B /* Build configuration list for PBXNativeTarget "Nice One DadTests" */ = {
			isa = XCConfigurationList;
			buildConfigurations = (
				56AB52621DE9C5AE001B2D4B /* Debug */,
				56AB52631DE9C5AE001B2D4B /* Release */,
			);
			defaultConfigurationIsVisible = 0;
		};
		56AB52641DE9C5AE001B2D4B /* Build configuration list for PBXNativeTarget "Nice One DadUITests" */ = {
			isa = XCConfigurationList;
			buildConfigurations = (
				56AB52651DE9C5AE001B2D4B /* Debug */,
				56AB52661DE9C5AE001B2D4B /* Release */,
			);
			defaultConfigurationIsVisible = 0;
		};
/* End XCConfigurationList section */
	};
	rootObject = 56AB522E1DE9C5AD001B2D4B /* Project object */;
}
