// !$*UTF8*$!
{
	archiveVersion = 1;
	classes = {
	};
	objectVersion = 48;
	objects = {

/* Begin PBXBuildFile section */
		1190E592A48FA1F3C1EB1DCD /* Pods_Nice_One_Dad.framework in Frameworks */ = {isa = PBXBuildFile; fileRef = 3CD19168736BD267EA57A0FB /* Pods_Nice_One_Dad.framework */; };
		56228E2B202DF11D00D7C8FE /* AppDelegate.swift in Sources */ = {isa = PBXBuildFile; fileRef = 56228E2A202DF11D00D7C8FE /* AppDelegate.swift */; };
		56228E2D202DF11D00D7C8FE /* ViewController.swift in Sources */ = {isa = PBXBuildFile; fileRef = 56228E2C202DF11D00D7C8FE /* ViewController.swift */; };
		56228E30202DF11D00D7C8FE /* Main.storyboard in Resources */ = {isa = PBXBuildFile; fileRef = 56228E2E202DF11D00D7C8FE /* Main.storyboard */; };
		56228E32202DF11D00D7C8FE /* Assets.xcassets in Resources */ = {isa = PBXBuildFile; fileRef = 56228E31202DF11D00D7C8FE /* Assets.xcassets */; };
		56228E35202DF11D00D7C8FE /* LaunchScreen.storyboard in Resources */ = {isa = PBXBuildFile; fileRef = 56228E33202DF11D00D7C8FE /* LaunchScreen.storyboard */; };
		56228E40202DF11D00D7C8FE /* Nice_One_DadTests.swift in Sources */ = {isa = PBXBuildFile; fileRef = 56228E3F202DF11D00D7C8FE /* Nice_One_DadTests.swift */; };
		56228E4B202DF11D00D7C8FE /* Nice_One_DadUITests.swift in Sources */ = {isa = PBXBuildFile; fileRef = 56228E4A202DF11D00D7C8FE /* Nice_One_DadUITests.swift */; };
		56228E5B202DF15B00D7C8FE /* jokes.json in Resources */ = {isa = PBXBuildFile; fileRef = 56228E59202DF15B00D7C8FE /* jokes.json */; };
		56228E5F202DF4C700D7C8FE /* SwiftyJSON.swift in Sources */ = {isa = PBXBuildFile; fileRef = 56228E5E202DF4C700D7C8FE /* SwiftyJSON.swift */; };
		56928B92222F356A0087B82E /* Font Awesome 5 Pro-Regular-400.otf in Resources */ = {isa = PBXBuildFile; fileRef = 56928B8F222F356A0087B82E /* Font Awesome 5 Pro-Regular-400.otf */; };
		56928B93222F356A0087B82E /* Font Awesome 5 Pro-Light-300.otf in Resources */ = {isa = PBXBuildFile; fileRef = 56928B90222F356A0087B82E /* Font Awesome 5 Pro-Light-300.otf */; };
		56928B94222F356A0087B82E /* Font Awesome 5 Pro-Solid-900.otf in Resources */ = {isa = PBXBuildFile; fileRef = 56928B91222F356A0087B82E /* Font Awesome 5 Pro-Solid-900.otf */; };
		56E0D48F202E0487008BA2BD /* TitanOne-Regular.ttf in Resources */ = {isa = PBXBuildFile; fileRef = 56E0D48E202E0487008BA2BD /* TitanOne-Regular.ttf */; };
		56E50147202E08CD00CE0B72 /* ChameleonFramework.framework in Frameworks */ = {isa = PBXBuildFile; fileRef = 56E50148202E08CD00CE0B72 /* ChameleonFramework.framework */; };
		56E5014A202E0DF400CE0B72 /* luckiestguy.ttf in Resources */ = {isa = PBXBuildFile; fileRef = 56E50149202E0DF400CE0B72 /* luckiestguy.ttf */; };
		56E5014C202E178100CE0B72 /* Lemon-Regular.ttf in Resources */ = {isa = PBXBuildFile; fileRef = 56E5014B202E178000CE0B72 /* Lemon-Regular.ttf */; };
		56E5014E202E17CA00CE0B72 /* RammettoOne-Regular.ttf in Resources */ = {isa = PBXBuildFile; fileRef = 56E5014D202E17CA00CE0B72 /* RammettoOne-Regular.ttf */; };
		56E50150202E180700CE0B72 /* SansitaOne.ttf in Resources */ = {isa = PBXBuildFile; fileRef = 56E5014F202E180700CE0B72 /* SansitaOne.ttf */; };
		56E50152202E181200CE0B72 /* Chango-Regular.ttf in Resources */ = {isa = PBXBuildFile; fileRef = 56E50151202E181200CE0B72 /* Chango-Regular.ttf */; };
/* End PBXBuildFile section */

/* Begin PBXContainerItemProxy section */
		56228E3C202DF11D00D7C8FE /* PBXContainerItemProxy */ = {
			isa = PBXContainerItemProxy;
			containerPortal = 56228E1F202DF11D00D7C8FE /* Project object */;
			proxyType = 1;
			remoteGlobalIDString = 56228E26202DF11D00D7C8FE;
			remoteInfo = "Nice One Dad";
		};
		56228E47202DF11D00D7C8FE /* PBXContainerItemProxy */ = {
			isa = PBXContainerItemProxy;
			containerPortal = 56228E1F202DF11D00D7C8FE /* Project object */;
			proxyType = 1;
			remoteGlobalIDString = 56228E26202DF11D00D7C8FE;
			remoteInfo = "Nice One Dad";
		};
/* End PBXContainerItemProxy section */

/* Begin PBXCopyFilesBuildPhase section */
		56E50146202E08A500CE0B72 /* Embed Frameworks */ = {
			isa = PBXCopyFilesBuildPhase;
			buildActionMask = 2147483647;
			dstPath = "";
			dstSubfolderSpec = 10;
			files = (
			);
			name = "Embed Frameworks";
			runOnlyForDeploymentPostprocessing = 0;
		};
/* End PBXCopyFilesBuildPhase section */

/* Begin PBXFileReference section */
		000B601A6C6400E7787062D4 /* Pods-Nice One Dad.release.xcconfig */ = {isa = PBXFileReference; includeInIndex = 1; lastKnownFileType = text.xcconfig; name = "Pods-Nice One Dad.release.xcconfig"; path = "Pods/Target Support Files/Pods-Nice One Dad/Pods-Nice One Dad.release.xcconfig"; sourceTree = "<group>"; };
		3CD19168736BD267EA57A0FB /* Pods_Nice_One_Dad.framework */ = {isa = PBXFileReference; explicitFileType = wrapper.framework; includeInIndex = 0; path = Pods_Nice_One_Dad.framework; sourceTree = BUILT_PRODUCTS_DIR; };
		56228E27202DF11D00D7C8FE /* Nice One Dad.app */ = {isa = PBXFileReference; explicitFileType = wrapper.application; includeInIndex = 0; path = "Nice One Dad.app"; sourceTree = BUILT_PRODUCTS_DIR; };
		56228E2A202DF11D00D7C8FE /* AppDelegate.swift */ = {isa = PBXFileReference; lastKnownFileType = sourcecode.swift; path = AppDelegate.swift; sourceTree = "<group>"; };
		56228E2C202DF11D00D7C8FE /* ViewController.swift */ = {isa = PBXFileReference; lastKnownFileType = sourcecode.swift; path = ViewController.swift; sourceTree = "<group>"; };
		56228E2F202DF11D00D7C8FE /* Base */ = {isa = PBXFileReference; lastKnownFileType = file.storyboard; name = Base; path = Base.lproj/Main.storyboard; sourceTree = "<group>"; };
		56228E31202DF11D00D7C8FE /* Assets.xcassets */ = {isa = PBXFileReference; lastKnownFileType = folder.assetcatalog; path = Assets.xcassets; sourceTree = "<group>"; };
		56228E34202DF11D00D7C8FE /* Base */ = {isa = PBXFileReference; lastKnownFileType = file.storyboard; name = Base; path = Base.lproj/LaunchScreen.storyboard; sourceTree = "<group>"; };
		56228E36202DF11D00D7C8FE /* Info.plist */ = {isa = PBXFileReference; lastKnownFileType = text.plist.xml; path = Info.plist; sourceTree = "<group>"; };
		56228E3B202DF11D00D7C8FE /* Nice One DadTests.xctest */ = {isa = PBXFileReference; explicitFileType = wrapper.cfbundle; includeInIndex = 0; path = "Nice One DadTests.xctest"; sourceTree = BUILT_PRODUCTS_DIR; };
		56228E3F202DF11D00D7C8FE /* Nice_One_DadTests.swift */ = {isa = PBXFileReference; lastKnownFileType = sourcecode.swift; path = Nice_One_DadTests.swift; sourceTree = "<group>"; };
		56228E41202DF11D00D7C8FE /* Info.plist */ = {isa = PBXFileReference; lastKnownFileType = text.plist.xml; path = Info.plist; sourceTree = "<group>"; };
		56228E46202DF11D00D7C8FE /* Nice One DadUITests.xctest */ = {isa = PBXFileReference; explicitFileType = wrapper.cfbundle; includeInIndex = 0; path = "Nice One DadUITests.xctest"; sourceTree = BUILT_PRODUCTS_DIR; };
		56228E4A202DF11D00D7C8FE /* Nice_One_DadUITests.swift */ = {isa = PBXFileReference; lastKnownFileType = sourcecode.swift; path = Nice_One_DadUITests.swift; sourceTree = "<group>"; };
		56228E4C202DF11D00D7C8FE /* Info.plist */ = {isa = PBXFileReference; lastKnownFileType = text.plist.xml; path = Info.plist; sourceTree = "<group>"; };
		56228E59202DF15B00D7C8FE /* jokes.json */ = {isa = PBXFileReference; fileEncoding = 4; lastKnownFileType = text.json; path = jokes.json; sourceTree = "<group>"; };
		56228E5E202DF4C700D7C8FE /* SwiftyJSON.swift */ = {isa = PBXFileReference; lastKnownFileType = sourcecode.swift; path = SwiftyJSON.swift; sourceTree = "<group>"; };
		56928B8F222F356A0087B82E /* Font Awesome 5 Pro-Regular-400.otf */ = {isa = PBXFileReference; lastKnownFileType = file; path = "Font Awesome 5 Pro-Regular-400.otf"; sourceTree = "<group>"; };
		56928B90222F356A0087B82E /* Font Awesome 5 Pro-Light-300.otf */ = {isa = PBXFileReference; lastKnownFileType = file; path = "Font Awesome 5 Pro-Light-300.otf"; sourceTree = "<group>"; };
		56928B91222F356A0087B82E /* Font Awesome 5 Pro-Solid-900.otf */ = {isa = PBXFileReference; lastKnownFileType = file; path = "Font Awesome 5 Pro-Solid-900.otf"; sourceTree = "<group>"; };
		56E0D48E202E0487008BA2BD /* TitanOne-Regular.ttf */ = {isa = PBXFileReference; lastKnownFileType = file; path = "TitanOne-Regular.ttf"; sourceTree = "<group>"; };
		56E50148202E08CD00CE0B72 /* ChameleonFramework.framework */ = {isa = PBXFileReference; explicitFileType = wrapper.framework; path = ChameleonFramework.framework; sourceTree = BUILT_PRODUCTS_DIR; };
		56E50149202E0DF400CE0B72 /* luckiestguy.ttf */ = {isa = PBXFileReference; lastKnownFileType = file; path = luckiestguy.ttf; sourceTree = "<group>"; };
		56E5014B202E178000CE0B72 /* Lemon-Regular.ttf */ = {isa = PBXFileReference; lastKnownFileType = file; path = "Lemon-Regular.ttf"; sourceTree = "<group>"; };
		56E5014D202E17CA00CE0B72 /* RammettoOne-Regular.ttf */ = {isa = PBXFileReference; lastKnownFileType = file; path = "RammettoOne-Regular.ttf"; sourceTree = "<group>"; };
		56E5014F202E180700CE0B72 /* SansitaOne.ttf */ = {isa = PBXFileReference; lastKnownFileType = file; path = SansitaOne.ttf; sourceTree = "<group>"; };
		56E50151202E181200CE0B72 /* Chango-Regular.ttf */ = {isa = PBXFileReference; lastKnownFileType = file; path = "Chango-Regular.ttf"; sourceTree = "<group>"; };
		7C56054DEDC9B1D9C21E6F46 /* Pods-Nice One Dad.debug.xcconfig */ = {isa = PBXFileReference; includeInIndex = 1; lastKnownFileType = text.xcconfig; name = "Pods-Nice One Dad.debug.xcconfig"; path = "Pods/Target Support Files/Pods-Nice One Dad/Pods-Nice One Dad.debug.xcconfig"; sourceTree = "<group>"; };
/* End PBXFileReference section */

/* Begin PBXFrameworksBuildPhase section */
		56228E24202DF11D00D7C8FE /* Frameworks */ = {
			isa = PBXFrameworksBuildPhase;
			buildActionMask = 2147483647;
			files = (
				56E50147202E08CD00CE0B72 /* ChameleonFramework.framework in Frameworks */,
				1190E592A48FA1F3C1EB1DCD /* Pods_Nice_One_Dad.framework in Frameworks */,
			);
			runOnlyForDeploymentPostprocessing = 0;
		};
		56228E38202DF11D00D7C8FE /* Frameworks */ = {
			isa = PBXFrameworksBuildPhase;
			buildActionMask = 2147483647;
			files = (
			);
			runOnlyForDeploymentPostprocessing = 0;
		};
		56228E43202DF11D00D7C8FE /* Frameworks */ = {
			isa = PBXFrameworksBuildPhase;
			buildActionMask = 2147483647;
			files = (
			);
			runOnlyForDeploymentPostprocessing = 0;
		};
/* End PBXFrameworksBuildPhase section */

/* Begin PBXGroup section */
		081F912672DC14F6055C0E5A /* Frameworks */ = {
			isa = PBXGroup;
			children = (
				56E50148202E08CD00CE0B72 /* ChameleonFramework.framework */,
				3CD19168736BD267EA57A0FB /* Pods_Nice_One_Dad.framework */,
			);
			name = Frameworks;
			sourceTree = "<group>";
		};
		56228E1E202DF11D00D7C8FE = {
			isa = PBXGroup;
			children = (
				56228E29202DF11D00D7C8FE /* Nice One Dad */,
				56228E3E202DF11D00D7C8FE /* Nice One DadTests */,
				56228E49202DF11D00D7C8FE /* Nice One DadUITests */,
				56228E28202DF11D00D7C8FE /* Products */,
				C14DF4064C01B4BE3C2E5E22 /* Pods */,
				081F912672DC14F6055C0E5A /* Frameworks */,
			);
			sourceTree = "<group>";
		};
		56228E28202DF11D00D7C8FE /* Products */ = {
			isa = PBXGroup;
			children = (
				56228E27202DF11D00D7C8FE /* Nice One Dad.app */,
				56228E3B202DF11D00D7C8FE /* Nice One DadTests.xctest */,
				56228E46202DF11D00D7C8FE /* Nice One DadUITests.xctest */,
			);
			name = Products;
			sourceTree = "<group>";
		};
		56228E29202DF11D00D7C8FE /* Nice One Dad */ = {
			isa = PBXGroup;
			children = (
				56E0D490202E04A1008BA2BD /* Resources */,
				56228E2A202DF11D00D7C8FE /* AppDelegate.swift */,
				56228E2C202DF11D00D7C8FE /* ViewController.swift */,
				56228E2E202DF11D00D7C8FE /* Main.storyboard */,
				56228E31202DF11D00D7C8FE /* Assets.xcassets */,
				56228E33202DF11D00D7C8FE /* LaunchScreen.storyboard */,
				56228E36202DF11D00D7C8FE /* Info.plist */,
			);
			path = "Nice One Dad";
			sourceTree = "<group>";
		};
		56228E3E202DF11D00D7C8FE /* Nice One DadTests */ = {
			isa = PBXGroup;
			children = (
				56228E3F202DF11D00D7C8FE /* Nice_One_DadTests.swift */,
				56228E41202DF11D00D7C8FE /* Info.plist */,
			);
			path = "Nice One DadTests";
			sourceTree = "<group>";
		};
		56228E49202DF11D00D7C8FE /* Nice One DadUITests */ = {
			isa = PBXGroup;
			children = (
				56228E4A202DF11D00D7C8FE /* Nice_One_DadUITests.swift */,
				56228E4C202DF11D00D7C8FE /* Info.plist */,
			);
			path = "Nice One DadUITests";
			sourceTree = "<group>";
		};
		56E0D490202E04A1008BA2BD /* Resources */ = {
			isa = PBXGroup;
			children = (
				56928B90222F356A0087B82E /* Font Awesome 5 Pro-Light-300.otf */,
				56928B8F222F356A0087B82E /* Font Awesome 5 Pro-Regular-400.otf */,
				56928B91222F356A0087B82E /* Font Awesome 5 Pro-Solid-900.otf */,
				56228E5E202DF4C700D7C8FE /* SwiftyJSON.swift */,
				56228E59202DF15B00D7C8FE /* jokes.json */,
				56E0D48E202E0487008BA2BD /* TitanOne-Regular.ttf */,
				56E50149202E0DF400CE0B72 /* luckiestguy.ttf */,
				56E5014B202E178000CE0B72 /* Lemon-Regular.ttf */,
				56E5014D202E17CA00CE0B72 /* RammettoOne-Regular.ttf */,
				56E5014F202E180700CE0B72 /* SansitaOne.ttf */,
				56E50151202E181200CE0B72 /* Chango-Regular.ttf */,
			);
			path = Resources;
			sourceTree = "<group>";
		};
		C14DF4064C01B4BE3C2E5E22 /* Pods */ = {
			isa = PBXGroup;
			children = (
				7C56054DEDC9B1D9C21E6F46 /* Pods-Nice One Dad.debug.xcconfig */,
				000B601A6C6400E7787062D4 /* Pods-Nice One Dad.release.xcconfig */,
			);
			name = Pods;
			sourceTree = "<group>";
		};
/* End PBXGroup section */

/* Begin PBXNativeTarget section */
		56228E26202DF11D00D7C8FE /* Nice One Dad */ = {
			isa = PBXNativeTarget;
			buildConfigurationList = 56228E4F202DF11D00D7C8FE /* Build configuration list for PBXNativeTarget "Nice One Dad" */;
			buildPhases = (
				58FDFA9F5FBAE1B1C9C50B8A /* [CP] Check Pods Manifest.lock */,
				56228E23202DF11D00D7C8FE /* Sources */,
				56228E24202DF11D00D7C8FE /* Frameworks */,
				56228E25202DF11D00D7C8FE /* Resources */,
				9665DE9B0E1CA9691467FC5D /* [CP] Embed Pods Frameworks */,
				C2CF596F8F5F77A0F6DE4428 /* [CP] Copy Pods Resources */,
				56E50146202E08A500CE0B72 /* Embed Frameworks */,
			);
			buildRules = (
			);
			dependencies = (
			);
			name = "Nice One Dad";
			productName = "Nice One Dad";
			productReference = 56228E27202DF11D00D7C8FE /* Nice One Dad.app */;
			productType = "com.apple.product-type.application";
		};
		56228E3A202DF11D00D7C8FE /* Nice One DadTests */ = {
			isa = PBXNativeTarget;
			buildConfigurationList = 56228E52202DF11D00D7C8FE /* Build configuration list for PBXNativeTarget "Nice One DadTests" */;
			buildPhases = (
				56228E37202DF11D00D7C8FE /* Sources */,
				56228E38202DF11D00D7C8FE /* Frameworks */,
				56228E39202DF11D00D7C8FE /* Resources */,
			);
			buildRules = (
			);
			dependencies = (
				56228E3D202DF11D00D7C8FE /* PBXTargetDependency */,
			);
			name = "Nice One DadTests";
			productName = "Nice One DadTests";
			productReference = 56228E3B202DF11D00D7C8FE /* Nice One DadTests.xctest */;
			productType = "com.apple.product-type.bundle.unit-test";
		};
		56228E45202DF11D00D7C8FE /* Nice One DadUITests */ = {
			isa = PBXNativeTarget;
			buildConfigurationList = 56228E55202DF11D00D7C8FE /* Build configuration list for PBXNativeTarget "Nice One DadUITests" */;
			buildPhases = (
				56228E42202DF11D00D7C8FE /* Sources */,
				56228E43202DF11D00D7C8FE /* Frameworks */,
				56228E44202DF11D00D7C8FE /* Resources */,
			);
			buildRules = (
			);
			dependencies = (
				56228E48202DF11D00D7C8FE /* PBXTargetDependency */,
			);
			name = "Nice One DadUITests";
			productName = "Nice One DadUITests";
			productReference = 56228E46202DF11D00D7C8FE /* Nice One DadUITests.xctest */;
			productType = "com.apple.product-type.bundle.ui-testing";
		};
/* End PBXNativeTarget section */

/* Begin PBXProject section */
		56228E1F202DF11D00D7C8FE /* Project object */ = {
			isa = PBXProject;
			attributes = {
				LastSwiftUpdateCheck = 0920;
				LastUpgradeCheck = 0920;
				ORGANIZATIONNAME = "Omar Abbasi";
				TargetAttributes = {
					56228E26202DF11D00D7C8FE = {
						CreatedOnToolsVersion = 9.2;
						ProvisioningStyle = Automatic;
					};
					56228E3A202DF11D00D7C8FE = {
						CreatedOnToolsVersion = 9.2;
						ProvisioningStyle = Automatic;
						TestTargetID = 56228E26202DF11D00D7C8FE;
					};
					56228E45202DF11D00D7C8FE = {
						CreatedOnToolsVersion = 9.2;
						ProvisioningStyle = Automatic;
						TestTargetID = 56228E26202DF11D00D7C8FE;
					};
				};
			};
			buildConfigurationList = 56228E22202DF11D00D7C8FE /* Build configuration list for PBXProject "Nice One Dad" */;
			compatibilityVersion = "Xcode 8.0";
			developmentRegion = en;
			hasScannedForEncodings = 0;
			knownRegions = (
				en,
				Base,
			);
			mainGroup = 56228E1E202DF11D00D7C8FE;
			productRefGroup = 56228E28202DF11D00D7C8FE /* Products */;
			projectDirPath = "";
			projectRoot = "";
			targets = (
				56228E26202DF11D00D7C8FE /* Nice One Dad */,
				56228E3A202DF11D00D7C8FE /* Nice One DadTests */,
				56228E45202DF11D00D7C8FE /* Nice One DadUITests */,
			);
		};
/* End PBXProject section */

/* Begin PBXResourcesBuildPhase section */
		56228E25202DF11D00D7C8FE /* Resources */ = {
			isa = PBXResourcesBuildPhase;
			buildActionMask = 2147483647;
			files = (
				56E50150202E180700CE0B72 /* SansitaOne.ttf in Resources */,
				56E5014A202E0DF400CE0B72 /* luckiestguy.ttf in Resources */,
				56E5014C202E178100CE0B72 /* Lemon-Regular.ttf in Resources */,
				56E0D48F202E0487008BA2BD /* TitanOne-Regular.ttf in Resources */,
				56928B93222F356A0087B82E /* Font Awesome 5 Pro-Light-300.otf in Resources */,
				56228E35202DF11D00D7C8FE /* LaunchScreen.storyboard in Resources */,
				56228E32202DF11D00D7C8FE /* Assets.xcassets in Resources */,
				56928B92222F356A0087B82E /* Font Awesome 5 Pro-Regular-400.otf in Resources */,
				56E5014E202E17CA00CE0B72 /* RammettoOne-Regular.ttf in Resources */,
				56928B94222F356A0087B82E /* Font Awesome 5 Pro-Solid-900.otf in Resources */,
				56E50152202E181200CE0B72 /* Chango-Regular.ttf in Resources */,
				56228E5B202DF15B00D7C8FE /* jokes.json in Resources */,
				56228E30202DF11D00D7C8FE /* Main.storyboard in Resources */,
			);
			runOnlyForDeploymentPostprocessing = 0;
		};
		56228E39202DF11D00D7C8FE /* Resources */ = {
			isa = PBXResourcesBuildPhase;
			buildActionMask = 2147483647;
			files = (
			);
			runOnlyForDeploymentPostprocessing = 0;
		};
		56228E44202DF11D00D7C8FE /* Resources */ = {
			isa = PBXResourcesBuildPhase;
			buildActionMask = 2147483647;
			files = (
			);
			runOnlyForDeploymentPostprocessing = 0;
		};
/* End PBXResourcesBuildPhase section */

/* Begin PBXShellScriptBuildPhase section */
		58FDFA9F5FBAE1B1C9C50B8A /* [CP] Check Pods Manifest.lock */ = {
			isa = PBXShellScriptBuildPhase;
			buildActionMask = 2147483647;
			files = (
			);
			inputPaths = (
				"${PODS_PODFILE_DIR_PATH}/Podfile.lock",
				"${PODS_ROOT}/Manifest.lock",
			);
			name = "[CP] Check Pods Manifest.lock";
			outputPaths = (
				"$(DERIVED_FILE_DIR)/Pods-Nice One Dad-checkManifestLockResult.txt",
			);
			runOnlyForDeploymentPostprocessing = 0;
			shellPath = /bin/sh;
			shellScript = "diff \"${PODS_PODFILE_DIR_PATH}/Podfile.lock\" \"${PODS_ROOT}/Manifest.lock\" > /dev/null\nif [ $? != 0 ] ; then\n    # print error to STDERR\n    echo \"error: The sandbox is not in sync with the Podfile.lock. Run 'pod install' or update your CocoaPods installation.\" >&2\n    exit 1\nfi\n# This output is used by Xcode 'outputs' to avoid re-running this script phase.\necho \"SUCCESS\" > \"${SCRIPT_OUTPUT_FILE_0}\"\n";
			showEnvVarsInLog = 0;
		};
		9665DE9B0E1CA9691467FC5D /* [CP] Embed Pods Frameworks */ = {
			isa = PBXShellScriptBuildPhase;
			buildActionMask = 2147483647;
			files = (
			);
			inputPaths = (
				"${SRCROOT}/Pods/Target Support Files/Pods-Nice One Dad/Pods-Nice One Dad-frameworks.sh",
				"${BUILT_PRODUCTS_DIR}/ChameleonFramework/ChameleonFramework.framework",
			);
			name = "[CP] Embed Pods Frameworks";
			outputPaths = (
				"${TARGET_BUILD_DIR}/${FRAMEWORKS_FOLDER_PATH}/ChameleonFramework.framework",
			);
			runOnlyForDeploymentPostprocessing = 0;
			shellPath = /bin/sh;
			shellScript = "\"${SRCROOT}/Pods/Target Support Files/Pods-Nice One Dad/Pods-Nice One Dad-frameworks.sh\"\n";
			showEnvVarsInLog = 0;
		};
		C2CF596F8F5F77A0F6DE4428 /* [CP] Copy Pods Resources */ = {
			isa = PBXShellScriptBuildPhase;
			buildActionMask = 2147483647;
			files = (
			);
			inputPaths = (
			);
			name = "[CP] Copy Pods Resources";
			outputPaths = (
			);
			runOnlyForDeploymentPostprocessing = 0;
			shellPath = /bin/sh;
			shellScript = "\"${SRCROOT}/Pods/Target Support Files/Pods-Nice One Dad/Pods-Nice One Dad-resources.sh\"\n";
			showEnvVarsInLog = 0;
		};
/* End PBXShellScriptBuildPhase section */

/* Begin PBXSourcesBuildPhase section */
		56228E23202DF11D00D7C8FE /* Sources */ = {
			isa = PBXSourcesBuildPhase;
			buildActionMask = 2147483647;
			files = (
				56228E5F202DF4C700D7C8FE /* SwiftyJSON.swift in Sources */,
				56228E2D202DF11D00D7C8FE /* ViewController.swift in Sources */,
				56228E2B202DF11D00D7C8FE /* AppDelegate.swift in Sources */,
			);
			runOnlyForDeploymentPostprocessing = 0;
		};
		56228E37202DF11D00D7C8FE /* Sources */ = {
			isa = PBXSourcesBuildPhase;
			buildActionMask = 2147483647;
			files = (
				56228E40202DF11D00D7C8FE /* Nice_One_DadTests.swift in Sources */,
			);
			runOnlyForDeploymentPostprocessing = 0;
		};
		56228E42202DF11D00D7C8FE /* Sources */ = {
			isa = PBXSourcesBuildPhase;
			buildActionMask = 2147483647;
			files = (
				56228E4B202DF11D00D7C8FE /* Nice_One_DadUITests.swift in Sources */,
			);
			runOnlyForDeploymentPostprocessing = 0;
		};
/* End PBXSourcesBuildPhase section */

/* Begin PBXTargetDependency section */
		56228E3D202DF11D00D7C8FE /* PBXTargetDependency */ = {
			isa = PBXTargetDependency;
			target = 56228E26202DF11D00D7C8FE /* Nice One Dad */;
			targetProxy = 56228E3C202DF11D00D7C8FE /* PBXContainerItemProxy */;
		};
		56228E48202DF11D00D7C8FE /* PBXTargetDependency */ = {
			isa = PBXTargetDependency;
			target = 56228E26202DF11D00D7C8FE /* Nice One Dad */;
			targetProxy = 56228E47202DF11D00D7C8FE /* PBXContainerItemProxy */;
		};
/* End PBXTargetDependency section */

/* Begin PBXVariantGroup section */
		56228E2E202DF11D00D7C8FE /* Main.storyboard */ = {
			isa = PBXVariantGroup;
			children = (
				56228E2F202DF11D00D7C8FE /* Base */,
			);
			name = Main.storyboard;
			sourceTree = "<group>";
		};
		56228E33202DF11D00D7C8FE /* LaunchScreen.storyboard */ = {
			isa = PBXVariantGroup;
			children = (
				56228E34202DF11D00D7C8FE /* Base */,
			);
			name = LaunchScreen.storyboard;
			sourceTree = "<group>";
		};
/* End PBXVariantGroup section */

/* Begin XCBuildConfiguration section */
		56228E4D202DF11D00D7C8FE /* Debug */ = {
			isa = XCBuildConfiguration;
			buildSettings = {
				ALWAYS_SEARCH_USER_PATHS = NO;
				CLANG_ANALYZER_NONNULL = YES;
				CLANG_ANALYZER_NUMBER_OBJECT_CONVERSION = YES_AGGRESSIVE;
				CLANG_CXX_LANGUAGE_STANDARD = "gnu++14";
				CLANG_CXX_LIBRARY = "libc++";
				CLANG_ENABLE_MODULES = YES;
				CLANG_ENABLE_OBJC_ARC = YES;
				CLANG_WARN_BLOCK_CAPTURE_AUTORELEASING = YES;
				CLANG_WARN_BOOL_CONVERSION = YES;
				CLANG_WARN_COMMA = YES;
				CLANG_WARN_CONSTANT_CONVERSION = YES;
				CLANG_WARN_DIRECT_OBJC_ISA_USAGE = YES_ERROR;
				CLANG_WARN_DOCUMENTATION_COMMENTS = YES;
				CLANG_WARN_EMPTY_BODY = YES;
				CLANG_WARN_ENUM_CONVERSION = YES;
				CLANG_WARN_INFINITE_RECURSION = YES;
				CLANG_WARN_INT_CONVERSION = YES;
				CLANG_WARN_NON_LITERAL_NULL_CONVERSION = YES;
				CLANG_WARN_OBJC_LITERAL_CONVERSION = YES;
				CLANG_WARN_OBJC_ROOT_CLASS = YES_ERROR;
				CLANG_WARN_RANGE_LOOP_ANALYSIS = YES;
				CLANG_WARN_STRICT_PROTOTYPES = YES;
				CLANG_WARN_SUSPICIOUS_MOVE = YES;
				CLANG_WARN_UNGUARDED_AVAILABILITY = YES_AGGRESSIVE;
				CLANG_WARN_UNREACHABLE_CODE = YES;
				CLANG_WARN__DUPLICATE_METHOD_MATCH = YES;
				CODE_SIGN_IDENTITY = "iPhone Developer";
				COPY_PHASE_STRIP = NO;
				DEBUG_INFORMATION_FORMAT = dwarf;
				ENABLE_STRICT_OBJC_MSGSEND = YES;
				ENABLE_TESTABILITY = YES;
				GCC_C_LANGUAGE_STANDARD = gnu11;
				GCC_DYNAMIC_NO_PIC = NO;
				GCC_NO_COMMON_BLOCKS = YES;
				GCC_OPTIMIZATION_LEVEL = 0;
				GCC_PREPROCESSOR_DEFINITIONS = (
					"DEBUG=1",
					"$(inherited)",
				);
				GCC_WARN_64_TO_32_BIT_CONVERSION = YES;
				GCC_WARN_ABOUT_RETURN_TYPE = YES_ERROR;
				GCC_WARN_UNDECLARED_SELECTOR = YES;
				GCC_WARN_UNINITIALIZED_AUTOS = YES_AGGRESSIVE;
				GCC_WARN_UNUSED_FUNCTION = YES;
				GCC_WARN_UNUSED_VARIABLE = YES;
				IPHONEOS_DEPLOYMENT_TARGET = 11.2;
				MTL_ENABLE_DEBUG_INFO = YES;
				ONLY_ACTIVE_ARCH = YES;
				SDKROOT = iphoneos;
				SWIFT_ACTIVE_COMPILATION_CONDITIONS = DEBUG;
				SWIFT_OPTIMIZATION_LEVEL = "-Onone";
			};
			name = Debug;
		};
		56228E4E202DF11D00D7C8FE /* Release */ = {
			isa = XCBuildConfiguration;
			buildSettings = {
				ALWAYS_SEARCH_USER_PATHS = NO;
				CLANG_ANALYZER_NONNULL = YES;
				CLANG_ANALYZER_NUMBER_OBJECT_CONVERSION = YES_AGGRESSIVE;
				CLANG_CXX_LANGUAGE_STANDARD = "gnu++14";
				CLANG_CXX_LIBRARY = "libc++";
				CLANG_ENABLE_MODULES = YES;
				CLANG_ENABLE_OBJC_ARC = YES;
				CLANG_WARN_BLOCK_CAPTURE_AUTORELEASING = YES;
				CLANG_WARN_BOOL_CONVERSION = YES;
				CLANG_WARN_COMMA = YES;
				CLANG_WARN_CONSTANT_CONVERSION = YES;
				CLANG_WARN_DIRECT_OBJC_ISA_USAGE = YES_ERROR;
				CLANG_WARN_DOCUMENTATION_COMMENTS = YES;
				CLANG_WARN_EMPTY_BODY = YES;
				CLANG_WARN_ENUM_CONVERSION = YES;
				CLANG_WARN_INFINITE_RECURSION = YES;
				CLANG_WARN_INT_CONVERSION = YES;
				CLANG_WARN_NON_LITERAL_NULL_CONVERSION = YES;
				CLANG_WARN_OBJC_LITERAL_CONVERSION = YES;
				CLANG_WARN_OBJC_ROOT_CLASS = YES_ERROR;
				CLANG_WARN_RANGE_LOOP_ANALYSIS = YES;
				CLANG_WARN_STRICT_PROTOTYPES = YES;
				CLANG_WARN_SUSPICIOUS_MOVE = YES;
				CLANG_WARN_UNGUARDED_AVAILABILITY = YES_AGGRESSIVE;
				CLANG_WARN_UNREACHABLE_CODE = YES;
				CLANG_WARN__DUPLICATE_METHOD_MATCH = YES;
				CODE_SIGN_IDENTITY = "iPhone Developer";
				COPY_PHASE_STRIP = NO;
				DEBUG_INFORMATION_FORMAT = "dwarf-with-dsym";
				ENABLE_NS_ASSERTIONS = NO;
				ENABLE_STRICT_OBJC_MSGSEND = YES;
				GCC_C_LANGUAGE_STANDARD = gnu11;
				GCC_NO_COMMON_BLOCKS = YES;
				GCC_WARN_64_TO_32_BIT_CONVERSION = YES;
				GCC_WARN_ABOUT_RETURN_TYPE = YES_ERROR;
				GCC_WARN_UNDECLARED_SELECTOR = YES;
				GCC_WARN_UNINITIALIZED_AUTOS = YES_AGGRESSIVE;
				GCC_WARN_UNUSED_FUNCTION = YES;
				GCC_WARN_UNUSED_VARIABLE = YES;
				IPHONEOS_DEPLOYMENT_TARGET = 11.2;
				MTL_ENABLE_DEBUG_INFO = NO;
				SDKROOT = iphoneos;
				SWIFT_OPTIMIZATION_LEVEL = "-Owholemodule";
				VALIDATE_PRODUCT = YES;
			};
			name = Release;
		};
		56228E50202DF11D00D7C8FE /* Debug */ = {
			isa = XCBuildConfiguration;
			baseConfigurationReference = 7C56054DEDC9B1D9C21E6F46 /* Pods-Nice One Dad.debug.xcconfig */;
			buildSettings = {
				ASSETCATALOG_COMPILER_APPICON_NAME = AppIcon;
				CODE_SIGN_STYLE = Automatic;
				DEVELOPMENT_TEAM = AEA87WCYYX;
				INFOPLIST_FILE = "Nice One Dad/Info.plist";
				IPHONEOS_DEPLOYMENT_TARGET = 10.0;
				LD_RUNPATH_SEARCH_PATHS = "$(inherited) @executable_path/Frameworks";
				PRODUCT_BUNDLE_IDENTIFIER = "com.omarabbasi.Nice-One-Dad";
				PRODUCT_NAME = "$(TARGET_NAME)";
				SWIFT_VERSION = 4.0;
				TARGETED_DEVICE_FAMILY = "1,2";
			};
			name = Debug;
		};
		56228E51202DF11D00D7C8FE /* Release */ = {
			isa = XCBuildConfiguration;
			baseConfigurationReference = 000B601A6C6400E7787062D4 /* Pods-Nice One Dad.release.xcconfig */;
			buildSettings = {
				ASSETCATALOG_COMPILER_APPICON_NAME = AppIcon;
				CODE_SIGN_STYLE = Automatic;
				DEVELOPMENT_TEAM = AEA87WCYYX;
				INFOPLIST_FILE = "Nice One Dad/Info.plist";
				IPHONEOS_DEPLOYMENT_TARGET = 10.0;
				LD_RUNPATH_SEARCH_PATHS = "$(inherited) @executable_path/Frameworks";
				PRODUCT_BUNDLE_IDENTIFIER = "com.omarabbasi.Nice-One-Dad";
				PRODUCT_NAME = "$(TARGET_NAME)";
				SWIFT_VERSION = 4.0;
				TARGETED_DEVICE_FAMILY = "1,2";
			};
			name = Release;
		};
		56228E53202DF11D00D7C8FE /* Debug */ = {
			isa = XCBuildConfiguration;
			buildSettings = {
				ALWAYS_EMBED_SWIFT_STANDARD_LIBRARIES = YES;
				BUNDLE_LOADER = "$(TEST_HOST)";
				CODE_SIGN_STYLE = Automatic;
				DEVELOPMENT_TEAM = 7CSTNGA4CB;
				INFOPLIST_FILE = "Nice One DadTests/Info.plist";
				LD_RUNPATH_SEARCH_PATHS = "$(inherited) @executable_path/Frameworks @loader_path/Frameworks";
				PRODUCT_BUNDLE_IDENTIFIER = "com.omarabbasi.Nice-One-DadTests";
				PRODUCT_NAME = "$(TARGET_NAME)";
				SWIFT_VERSION = 4.0;
				TARGETED_DEVICE_FAMILY = "1,2";
				TEST_HOST = "$(BUILT_PRODUCTS_DIR)/Nice One Dad.app/Nice One Dad";
			};
			name = Debug;
		};
		56228E54202DF11D00D7C8FE /* Release */ = {
			isa = XCBuildConfiguration;
			buildSettings = {
				ALWAYS_EMBED_SWIFT_STANDARD_LIBRARIES = YES;
				BUNDLE_LOADER = "$(TEST_HOST)";
				CODE_SIGN_STYLE = Automatic;
				DEVELOPMENT_TEAM = 7CSTNGA4CB;
				INFOPLIST_FILE = "Nice One DadTests/Info.plist";
				LD_RUNPATH_SEARCH_PATHS = "$(inherited) @executable_path/Frameworks @loader_path/Frameworks";
				PRODUCT_BUNDLE_IDENTIFIER = "com.omarabbasi.Nice-One-DadTests";
				PRODUCT_NAME = "$(TARGET_NAME)";
				SWIFT_VERSION = 4.0;
				TARGETED_DEVICE_FAMILY = "1,2";
				TEST_HOST = "$(BUILT_PRODUCTS_DIR)/Nice One Dad.app/Nice One Dad";
			};
			name = Release;
		};
		56228E56202DF11D00D7C8FE /* Debug */ = {
			isa = XCBuildConfiguration;
			buildSettings = {
				ALWAYS_EMBED_SWIFT_STANDARD_LIBRARIES = YES;
				CODE_SIGN_STYLE = Automatic;
				DEVELOPMENT_TEAM = 7CSTNGA4CB;
				INFOPLIST_FILE = "Nice One DadUITests/Info.plist";
				LD_RUNPATH_SEARCH_PATHS = "$(inherited) @executable_path/Frameworks @loader_path/Frameworks";
				PRODUCT_BUNDLE_IDENTIFIER = "com.omarabbasi.Nice-One-DadUITests";
				PRODUCT_NAME = "$(TARGET_NAME)";
				SWIFT_VERSION = 4.0;
				TARGETED_DEVICE_FAMILY = "1,2";
				TEST_TARGET_NAME = "Nice One Dad";
			};
			name = Debug;
		};
		56228E57202DF11D00D7C8FE /* Release */ = {
			isa = XCBuildConfiguration;
			buildSettings = {
				ALWAYS_EMBED_SWIFT_STANDARD_LIBRARIES = YES;
				CODE_SIGN_STYLE = Automatic;
				DEVELOPMENT_TEAM = 7CSTNGA4CB;
				INFOPLIST_FILE = "Nice One DadUITests/Info.plist";
				LD_RUNPATH_SEARCH_PATHS = "$(inherited) @executable_path/Frameworks @loader_path/Frameworks";
				PRODUCT_BUNDLE_IDENTIFIER = "com.omarabbasi.Nice-One-DadUITests";
				PRODUCT_NAME = "$(TARGET_NAME)";
				SWIFT_VERSION = 4.0;
				TARGETED_DEVICE_FAMILY = "1,2";
				TEST_TARGET_NAME = "Nice One Dad";
			};
			name = Release;
		};
/* End XCBuildConfiguration section */

/* Begin XCConfigurationList section */
		56228E22202DF11D00D7C8FE /* Build configuration list for PBXProject "Nice One Dad" */ = {
			isa = XCConfigurationList;
			buildConfigurations = (
				56228E4D202DF11D00D7C8FE /* Debug */,
				56228E4E202DF11D00D7C8FE /* Release */,
			);
			defaultConfigurationIsVisible = 0;
			defaultConfigurationName = Release;
		};
		56228E4F202DF11D00D7C8FE /* Build configuration list for PBXNativeTarget "Nice One Dad" */ = {
			isa = XCConfigurationList;
			buildConfigurations = (
				56228E50202DF11D00D7C8FE /* Debug */,
				56228E51202DF11D00D7C8FE /* Release */,
			);
			defaultConfigurationIsVisible = 0;
			defaultConfigurationName = Release;
		};
		56228E52202DF11D00D7C8FE /* Build configuration list for PBXNativeTarget "Nice One DadTests" */ = {
			isa = XCConfigurationList;
			buildConfigurations = (
				56228E53202DF11D00D7C8FE /* Debug */,
				56228E54202DF11D00D7C8FE /* Release */,
			);
			defaultConfigurationIsVisible = 0;
			defaultConfigurationName = Release;
		};
		56228E55202DF11D00D7C8FE /* Build configuration list for PBXNativeTarget "Nice One DadUITests" */ = {
			isa = XCConfigurationList;
			buildConfigurations = (
				56228E56202DF11D00D7C8FE /* Debug */,
				56228E57202DF11D00D7C8FE /* Release */,
			);
			defaultConfigurationIsVisible = 0;
			defaultConfigurationName = Release;
		};
/* End XCConfigurationList section */
	};
	rootObject = 56228E1F202DF11D00D7C8FE /* Project object */;
}
